// !$*UTF8*$!
{
	archiveVersion = 1;
	classes = {
	};
	objectVersion = 50;
	objects = {

/* Begin PBXBuildFile section */
		3971B34323BD099800BE83C7 /* labyrinthGame.cpp in Sources */ = {isa = PBXBuildFile; fileRef = 3971B34223BD099800BE83C7 /* labyrinthGame.cpp */; };
		3971B35023BD0A0C00BE83C7 /* sfml-audio.framework in Frameworks */ = {isa = PBXBuildFile; fileRef = 3971B34A23BD0A0C00BE83C7 /* sfml-audio.framework */; };
		3971B35123BD0A0C00BE83C7 /* sfml-network.framework in Frameworks */ = {isa = PBXBuildFile; fileRef = 3971B34B23BD0A0C00BE83C7 /* sfml-network.framework */; };
		3971B35223BD0A0C00BE83C7 /* sfml-graphics.framework in Frameworks */ = {isa = PBXBuildFile; fileRef = 3971B34C23BD0A0C00BE83C7 /* sfml-graphics.framework */; };
		3971B35323BD0A0C00BE83C7 /* sfml-window.framework in Frameworks */ = {isa = PBXBuildFile; fileRef = 3971B34D23BD0A0C00BE83C7 /* sfml-window.framework */; };
		3971B35423BD0A0C00BE83C7 /* sfml-system.framework in Frameworks */ = {isa = PBXBuildFile; fileRef = 3971B34E23BD0A0C00BE83C7 /* sfml-system.framework */; };
		3971B35523BD0A0C00BE83C7 /* SFML.framework in Frameworks */ = {isa = PBXBuildFile; fileRef = 3971B34F23BD0A0C00BE83C7 /* SFML.framework */; };
		398DDD0923BD627900681E5D /* player.cpp in Sources */ = {isa = PBXBuildFile; fileRef = 398DDD0723BD627900681E5D /* player.cpp */; };
		398DDD0C23BD62CE00681E5D /* textureHolder.cpp in Sources */ = {isa = PBXBuildFile; fileRef = 398DDD0A23BD62CE00681E5D /* textureHolder.cpp */; };
		398DDD1423BD6BAE00681E5D /* createBackground.cpp in Sources */ = {isa = PBXBuildFile; fileRef = 398DDD1323BD6BAE00681E5D /* createBackground.cpp */; };
		398DDD1923BD7F1700681E5D /* wall.cpp in Sources */ = {isa = PBXBuildFile; fileRef = 398DDD1723BD7F1700681E5D /* wall.cpp */; };
		398DDD1B23BE1A4800681E5D /* createWallsAndGates.cpp in Sources */ = {isa = PBXBuildFile; fileRef = 398DDD1A23BE1A4800681E5D /* createWallsAndGates.cpp */; };
		398DDD1F23BE27F500681E5D /* gate.cpp in Sources */ = {isa = PBXBuildFile; fileRef = 398DDD1D23BE27F500681E5D /* gate.cpp */; };
		398DDD2223BE6A6F00681E5D /* bullet.cpp in Sources */ = {isa = PBXBuildFile; fileRef = 398DDD2023BE6A6F00681E5D /* bullet.cpp */; };
		398DDD2723BE98E400681E5D /* pickup.cpp in Sources */ = {isa = PBXBuildFile; fileRef = 398DDD2523BE98E400681E5D /* pickup.cpp */; };
		398DDD2B23BE9D0800681E5D /* createPickups.cpp in Sources */ = {isa = PBXBuildFile; fileRef = 398DDD2A23BE9D0800681E5D /* createPickups.cpp */; };
/* End PBXBuildFile section */

/* Begin PBXCopyFilesBuildPhase section */
		3971B33D23BD099800BE83C7 /* CopyFiles */ = {
			isa = PBXCopyFilesBuildPhase;
			buildActionMask = 2147483647;
			dstPath = /usr/share/man/man1/;
			dstSubfolderSpec = 0;
			files = (
			);
			runOnlyForDeploymentPostprocessing = 1;
		};
/* End PBXCopyFilesBuildPhase section */

/* Begin PBXFileReference section */
		3971B33F23BD099800BE83C7 /* Labyrinth-Game */ = {isa = PBXFileReference; explicitFileType = "compiled.mach-o.executable"; includeInIndex = 0; path = "Labyrinth-Game"; sourceTree = BUILT_PRODUCTS_DIR; };
		3971B34223BD099800BE83C7 /* labyrinthGame.cpp */ = {isa = PBXFileReference; lastKnownFileType = sourcecode.cpp.cpp; path = labyrinthGame.cpp; sourceTree = "<group>"; };
		3971B34A23BD0A0C00BE83C7 /* sfml-audio.framework */ = {isa = PBXFileReference; lastKnownFileType = wrapper.framework; name = "sfml-audio.framework"; path = "../../../../../../Library/Frameworks/sfml-audio.framework"; sourceTree = "<group>"; };
		3971B34B23BD0A0C00BE83C7 /* sfml-network.framework */ = {isa = PBXFileReference; lastKnownFileType = wrapper.framework; name = "sfml-network.framework"; path = "../../../../../../Library/Frameworks/sfml-network.framework"; sourceTree = "<group>"; };
		3971B34C23BD0A0C00BE83C7 /* sfml-graphics.framework */ = {isa = PBXFileReference; lastKnownFileType = wrapper.framework; name = "sfml-graphics.framework"; path = "../../../../../../Library/Frameworks/sfml-graphics.framework"; sourceTree = "<group>"; };
		3971B34D23BD0A0C00BE83C7 /* sfml-window.framework */ = {isa = PBXFileReference; lastKnownFileType = wrapper.framework; name = "sfml-window.framework"; path = "../../../../../../Library/Frameworks/sfml-window.framework"; sourceTree = "<group>"; };
		3971B34E23BD0A0C00BE83C7 /* sfml-system.framework */ = {isa = PBXFileReference; lastKnownFileType = wrapper.framework; name = "sfml-system.framework"; path = "../../../../../../Library/Frameworks/sfml-system.framework"; sourceTree = "<group>"; };
		3971B34F23BD0A0C00BE83C7 /* SFML.framework */ = {isa = PBXFileReference; lastKnownFileType = wrapper.framework; name = SFML.framework; path = ../../../../../../Library/Frameworks/SFML.framework; sourceTree = "<group>"; };
		398DDD0723BD627900681E5D /* player.cpp */ = {isa = PBXFileReference; lastKnownFileType = sourcecode.cpp.cpp; path = player.cpp; sourceTree = "<group>"; };
		398DDD0823BD627900681E5D /* player.hpp */ = {isa = PBXFileReference; lastKnownFileType = sourcecode.cpp.h; path = player.hpp; sourceTree = "<group>"; };
		398DDD0A23BD62CE00681E5D /* textureHolder.cpp */ = {isa = PBXFileReference; lastKnownFileType = sourcecode.cpp.cpp; path = textureHolder.cpp; sourceTree = "<group>"; };
		398DDD0B23BD62CE00681E5D /* textureHolder.hpp */ = {isa = PBXFileReference; lastKnownFileType = sourcecode.cpp.h; path = textureHolder.hpp; sourceTree = "<group>"; };
		398DDD0E23BD64D900681E5D /* crosshair.png */ = {isa = PBXFileReference; lastKnownFileType = image.png; path = crosshair.png; sourceTree = "<group>"; };
		398DDD0F23BD65FE00681E5D /* player.png */ = {isa = PBXFileReference; lastKnownFileType = image.png; path = player.png; sourceTree = "<group>"; };
		398DDD1023BD66A400681E5D /* floor_tile.png */ = {isa = PBXFileReference; lastKnownFileType = image.png; path = floor_tile.png; sourceTree = "<group>"; };
		398DDD1223BD67EE00681E5D /* jockey_full_of_bourbon.ttf */ = {isa = PBXFileReference; lastKnownFileType = file; path = jockey_full_of_bourbon.ttf; sourceTree = "<group>"; };
		398DDD1323BD6BAE00681E5D /* createBackground.cpp */ = {isa = PBXFileReference; lastKnownFileType = sourcecode.cpp.cpp; path = createBackground.cpp; sourceTree = "<group>"; };
		398DDD1523BD6BFD00681E5D /* labyrinthGame.hpp */ = {isa = PBXFileReference; lastKnownFileType = sourcecode.cpp.h; path = labyrinthGame.hpp; sourceTree = "<group>"; };
		398DDD1623BD74FA00681E5D /* wall.png */ = {isa = PBXFileReference; lastKnownFileType = image.png; path = wall.png; sourceTree = "<group>"; };
		398DDD1723BD7F1700681E5D /* wall.cpp */ = {isa = PBXFileReference; lastKnownFileType = sourcecode.cpp.cpp; path = wall.cpp; sourceTree = "<group>"; };
		398DDD1823BD7F1700681E5D /* wall.hpp */ = {isa = PBXFileReference; lastKnownFileType = sourcecode.cpp.h; path = wall.hpp; sourceTree = "<group>"; };
		398DDD1A23BE1A4800681E5D /* createWallsAndGates.cpp */ = {isa = PBXFileReference; lastKnownFileType = sourcecode.cpp.cpp; path = createWallsAndGates.cpp; sourceTree = "<group>"; };
		398DDD1C23BE27DE00681E5D /* gate.png */ = {isa = PBXFileReference; lastKnownFileType = image.png; path = gate.png; sourceTree = "<group>"; };
		398DDD1D23BE27F500681E5D /* gate.cpp */ = {isa = PBXFileReference; lastKnownFileType = sourcecode.cpp.cpp; path = gate.cpp; sourceTree = "<group>"; };
		398DDD1E23BE27F500681E5D /* gate.hpp */ = {isa = PBXFileReference; lastKnownFileType = sourcecode.cpp.h; path = gate.hpp; sourceTree = "<group>"; };
		398DDD2023BE6A6F00681E5D /* bullet.cpp */ = {isa = PBXFileReference; lastKnownFileType = sourcecode.cpp.cpp; path = bullet.cpp; sourceTree = "<group>"; };
		398DDD2123BE6A6F00681E5D /* bullet.hpp */ = {isa = PBXFileReference; lastKnownFileType = sourcecode.cpp.h; path = bullet.hpp; sourceTree = "<group>"; };
		398DDD2323BE6BDA00681E5D /* bullet.png */ = {isa = PBXFileReference; lastKnownFileType = image.png; path = bullet.png; sourceTree = "<group>"; };
		398DDD2423BE985700681E5D /* health_kit.png */ = {isa = PBXFileReference; lastKnownFileType = image.png; path = health_kit.png; sourceTree = "<group>"; };
		398DDD2523BE98E400681E5D /* pickup.cpp */ = {isa = PBXFileReference; lastKnownFileType = sourcecode.cpp.cpp; path = pickup.cpp; sourceTree = "<group>"; };
		398DDD2623BE98E400681E5D /* pickup.hpp */ = {isa = PBXFileReference; lastKnownFileType = sourcecode.cpp.h; path = pickup.hpp; sourceTree = "<group>"; };
		398DDD2823BE999200681E5D /* key.png */ = {isa = PBXFileReference; lastKnownFileType = image.png; path = key.png; sourceTree = "<group>"; };
		398DDD2923BE9CAF00681E5D /* ammo_crate.png */ = {isa = PBXFileReference; lastKnownFileType = image.png; path = ammo_crate.png; sourceTree = "<group>"; };
		398DDD2A23BE9D0800681E5D /* createPickups.cpp */ = {isa = PBXFileReference; lastKnownFileType = sourcecode.cpp.cpp; path = createPickups.cpp; sourceTree = "<group>"; };
/* End PBXFileReference section */

/* Begin PBXFrameworksBuildPhase section */
		3971B33C23BD099800BE83C7 /* Frameworks */ = {
			isa = PBXFrameworksBuildPhase;
			buildActionMask = 2147483647;
			files = (
				3971B35023BD0A0C00BE83C7 /* sfml-audio.framework in Frameworks */,
				3971B35123BD0A0C00BE83C7 /* sfml-network.framework in Frameworks */,
				3971B35223BD0A0C00BE83C7 /* sfml-graphics.framework in Frameworks */,
				3971B35323BD0A0C00BE83C7 /* sfml-window.framework in Frameworks */,
				3971B35423BD0A0C00BE83C7 /* sfml-system.framework in Frameworks */,
				3971B35523BD0A0C00BE83C7 /* SFML.framework in Frameworks */,
			);
			runOnlyForDeploymentPostprocessing = 0;
		};
/* End PBXFrameworksBuildPhase section */

/* Begin PBXGroup section */
		3971B33623BD099800BE83C7 = {
			isa = PBXGroup;
			children = (
				398DDD0423BD618700681E5D /* Resources */,
				3971B34123BD099800BE83C7 /* Labyrinth-Game */,
				3971B34023BD099800BE83C7 /* Products */,
				3971B34923BD0A0B00BE83C7 /* Frameworks */,
			);
			sourceTree = "<group>";
		};
		3971B34023BD099800BE83C7 /* Products */ = {
			isa = PBXGroup;
			children = (
				3971B33F23BD099800BE83C7 /* Labyrinth-Game */,
			);
			name = Products;
			sourceTree = "<group>";
		};
		3971B34123BD099800BE83C7 /* Labyrinth-Game */ = {
			isa = PBXGroup;
			children = (
				3971B34223BD099800BE83C7 /* labyrinthGame.cpp */,
				398DDD0723BD627900681E5D /* player.cpp */,
				398DDD0823BD627900681E5D /* player.hpp */,
				398DDD0A23BD62CE00681E5D /* textureHolder.cpp */,
				398DDD0B23BD62CE00681E5D /* textureHolder.hpp */,
				398DDD1323BD6BAE00681E5D /* createBackground.cpp */,
				398DDD1523BD6BFD00681E5D /* labyrinthGame.hpp */,
				398DDD1723BD7F1700681E5D /* wall.cpp */,
				398DDD1823BD7F1700681E5D /* wall.hpp */,
				398DDD1A23BE1A4800681E5D /* createWallsAndGates.cpp */,
				398DDD1D23BE27F500681E5D /* gate.cpp */,
				398DDD1E23BE27F500681E5D /* gate.hpp */,
				398DDD2023BE6A6F00681E5D /* bullet.cpp */,
				398DDD2123BE6A6F00681E5D /* bullet.hpp */,
				398DDD2523BE98E400681E5D /* pickup.cpp */,
				398DDD2623BE98E400681E5D /* pickup.hpp */,
				398DDD2A23BE9D0800681E5D /* createPickups.cpp */,
			);
			path = "Labyrinth-Game";
			sourceTree = "<group>";
		};
		3971B34923BD0A0B00BE83C7 /* Frameworks */ = {
			isa = PBXGroup;
			children = (
				3971B34A23BD0A0C00BE83C7 /* sfml-audio.framework */,
				3971B34C23BD0A0C00BE83C7 /* sfml-graphics.framework */,
				3971B34B23BD0A0C00BE83C7 /* sfml-network.framework */,
				3971B34E23BD0A0C00BE83C7 /* sfml-system.framework */,
				3971B34D23BD0A0C00BE83C7 /* sfml-window.framework */,
				3971B34F23BD0A0C00BE83C7 /* SFML.framework */,
			);
			name = Frameworks;
			sourceTree = "<group>";
		};
		398DDD0423BD618700681E5D /* Resources */ = {
			isa = PBXGroup;
			children = (
				398DDD1123BD67E400681E5D /* fonts */,
				398DDD0523BD619800681E5D /* graphics */,
			);
			path = Resources;
			sourceTree = "<group>";
		};
		398DDD0523BD619800681E5D /* graphics */ = {
			isa = PBXGroup;
			children = (
				398DDD2923BE9CAF00681E5D /* ammo_crate.png */,
				398DDD2823BE999200681E5D /* key.png */,
				398DDD2423BE985700681E5D /* health_kit.png */,
				398DDD2323BE6BDA00681E5D /* bullet.png */,
				398DDD1C23BE27DE00681E5D /* gate.png */,
				398DDD1623BD74FA00681E5D /* wall.png */,
				398DDD1023BD66A400681E5D /* floor_tile.png */,
				398DDD0F23BD65FE00681E5D /* player.png */,
				398DDD0E23BD64D900681E5D /* crosshair.png */,
			);
			path = graphics;
			sourceTree = "<group>";
		};
		398DDD1123BD67E400681E5D /* fonts */ = {
			isa = PBXGroup;
			children = (
				398DDD1223BD67EE00681E5D /* jockey_full_of_bourbon.ttf */,
			);
			path = fonts;
			sourceTree = "<group>";
		};
/* End PBXGroup section */

/* Begin PBXNativeTarget section */
		3971B33E23BD099800BE83C7 /* Labyrinth-Game */ = {
			isa = PBXNativeTarget;
			buildConfigurationList = 3971B34623BD099800BE83C7 /* Build configuration list for PBXNativeTarget "Labyrinth-Game" */;
			buildPhases = (
				3971B33B23BD099800BE83C7 /* Sources */,
				3971B33C23BD099800BE83C7 /* Frameworks */,
				3971B33D23BD099800BE83C7 /* CopyFiles */,
			);
			buildRules = (
			);
			dependencies = (
			);
			name = "Labyrinth-Game";
			productName = "Labyrinth-Game";
			productReference = 3971B33F23BD099800BE83C7 /* Labyrinth-Game */;
			productType = "com.apple.product-type.tool";
		};
/* End PBXNativeTarget section */

/* Begin PBXProject section */
		3971B33723BD099800BE83C7 /* Project object */ = {
			isa = PBXProject;
			attributes = {
				LastUpgradeCheck = 1020;
				ORGANIZATIONNAME = "Hakan KOCAK";
				TargetAttributes = {
					3971B33E23BD099800BE83C7 = {
						CreatedOnToolsVersion = 10.2.1;
					};
				};
			};
			buildConfigurationList = 3971B33A23BD099800BE83C7 /* Build configuration list for PBXProject "Labyrinth-Game" */;
			compatibilityVersion = "Xcode 9.3";
			developmentRegion = en;
			hasScannedForEncodings = 0;
			knownRegions = (
				en,
			);
			mainGroup = 3971B33623BD099800BE83C7;
			productRefGroup = 3971B34023BD099800BE83C7 /* Products */;
			projectDirPath = "";
			projectRoot = "";
			targets = (
				3971B33E23BD099800BE83C7 /* Labyrinth-Game */,
			);
		};
/* End PBXProject section */

/* Begin PBXSourcesBuildPhase section */
		3971B33B23BD099800BE83C7 /* Sources */ = {
			isa = PBXSourcesBuildPhase;
			buildActionMask = 2147483647;
			files = (
				398DDD0923BD627900681E5D /* player.cpp in Sources */,
				398DDD2B23BE9D0800681E5D /* createPickups.cpp in Sources */,
				398DDD1423BD6BAE00681E5D /* createBackground.cpp in Sources */,
				398DDD1F23BE27F500681E5D /* gate.cpp in Sources */,
				398DDD2223BE6A6F00681E5D /* bullet.cpp in Sources */,
				398DDD0C23BD62CE00681E5D /* textureHolder.cpp in Sources */,
				398DDD1923BD7F1700681E5D /* wall.cpp in Sources */,
				398DDD2723BE98E400681E5D /* pickup.cpp in Sources */,
				3971B34323BD099800BE83C7 /* labyrinthGame.cpp in Sources */,
				398DDD1B23BE1A4800681E5D /* createWallsAndGates.cpp in Sources */,
			);
			runOnlyForDeploymentPostprocessing = 0;
		};
/* End PBXSourcesBuildPhase section */

/* Begin XCBuildConfiguration section */
		3971B34423BD099800BE83C7 /* Debug */ = {
			isa = XCBuildConfiguration;
			buildSettings = {
				ALWAYS_SEARCH_USER_PATHS = NO;
				CLANG_ANALYZER_NONNULL = YES;
				CLANG_ANALYZER_NUMBER_OBJECT_CONVERSION = YES_AGGRESSIVE;
				CLANG_CXX_LANGUAGE_STANDARD = "gnu++14";
				CLANG_CXX_LIBRARY = "libc++";
				CLANG_ENABLE_MODULES = YES;
				CLANG_ENABLE_OBJC_ARC = YES;
				CLANG_ENABLE_OBJC_WEAK = YES;
				CLANG_WARN_BLOCK_CAPTURE_AUTORELEASING = YES;
				CLANG_WARN_BOOL_CONVERSION = YES;
				CLANG_WARN_COMMA = YES;
				CLANG_WARN_CONSTANT_CONVERSION = YES;
				CLANG_WARN_DEPRECATED_OBJC_IMPLEMENTATIONS = YES;
				CLANG_WARN_DIRECT_OBJC_ISA_USAGE = YES_ERROR;
				CLANG_WARN_DOCUMENTATION_COMMENTS = YES;
				CLANG_WARN_EMPTY_BODY = YES;
				CLANG_WARN_ENUM_CONVERSION = YES;
				CLANG_WARN_INFINITE_RECURSION = YES;
				CLANG_WARN_INT_CONVERSION = YES;
				CLANG_WARN_NON_LITERAL_NULL_CONVERSION = YES;
				CLANG_WARN_OBJC_IMPLICIT_RETAIN_SELF = YES;
				CLANG_WARN_OBJC_LITERAL_CONVERSION = YES;
				CLANG_WARN_OBJC_ROOT_CLASS = YES_ERROR;
				CLANG_WARN_RANGE_LOOP_ANALYSIS = YES;
				CLANG_WARN_STRICT_PROTOTYPES = YES;
				CLANG_WARN_SUSPICIOUS_MOVE = YES;
				CLANG_WARN_UNGUARDED_AVAILABILITY = YES_AGGRESSIVE;
				CLANG_WARN_UNREACHABLE_CODE = YES;
				CLANG_WARN__DUPLICATE_METHOD_MATCH = YES;
				CODE_SIGN_IDENTITY = "-";
				COPY_PHASE_STRIP = NO;
				DEBUG_INFORMATION_FORMAT = dwarf;
				ENABLE_STRICT_OBJC_MSGSEND = YES;
				ENABLE_TESTABILITY = YES;
				GCC_C_LANGUAGE_STANDARD = gnu11;
				GCC_DYNAMIC_NO_PIC = NO;
				GCC_NO_COMMON_BLOCKS = YES;
				GCC_OPTIMIZATION_LEVEL = 0;
				GCC_PREPROCESSOR_DEFINITIONS = (
					"DEBUG=1",
					"$(inherited)",
				);
				GCC_WARN_64_TO_32_BIT_CONVERSION = YES;
				GCC_WARN_ABOUT_RETURN_TYPE = YES_ERROR;
				GCC_WARN_UNDECLARED_SELECTOR = YES;
				GCC_WARN_UNINITIALIZED_AUTOS = YES_AGGRESSIVE;
				GCC_WARN_UNUSED_FUNCTION = YES;
				GCC_WARN_UNUSED_VARIABLE = YES;
				MACOSX_DEPLOYMENT_TARGET = 10.15;
				MTL_ENABLE_DEBUG_INFO = INCLUDE_SOURCE;
				MTL_FAST_MATH = YES;
				ONLY_ACTIVE_ARCH = YES;
				SDKROOT = macosx;
			};
			name = Debug;
		};
		3971B34523BD099800BE83C7 /* Release */ = {
			isa = XCBuildConfiguration;
			buildSettings = {
				ALWAYS_SEARCH_USER_PATHS = NO;
				CLANG_ANALYZER_NONNULL = YES;
				CLANG_ANALYZER_NUMBER_OBJECT_CONVERSION = YES_AGGRESSIVE;
				CLANG_CXX_LANGUAGE_STANDARD = "gnu++14";
				CLANG_CXX_LIBRARY = "libc++";
				CLANG_ENABLE_MODULES = YES;
				CLANG_ENABLE_OBJC_ARC = YES;
				CLANG_ENABLE_OBJC_WEAK = YES;
				CLANG_WARN_BLOCK_CAPTURE_AUTORELEASING = YES;
				CLANG_WARN_BOOL_CONVERSION = YES;
				CLANG_WARN_COMMA = YES;
				CLANG_WARN_CONSTANT_CONVERSION = YES;
				CLANG_WARN_DEPRECATED_OBJC_IMPLEMENTATIONS = YES;
				CLANG_WARN_DIRECT_OBJC_ISA_USAGE = YES_ERROR;
				CLANG_WARN_DOCUMENTATION_COMMENTS = YES;
				CLANG_WARN_EMPTY_BODY = YES;
				CLANG_WARN_ENUM_CONVERSION = YES;
				CLANG_WARN_INFINITE_RECURSION = YES;
				CLANG_WARN_INT_CONVERSION = YES;
				CLANG_WARN_NON_LITERAL_NULL_CONVERSION = YES;
				CLANG_WARN_OBJC_IMPLICIT_RETAIN_SELF = YES;
				CLANG_WARN_OBJC_LITERAL_CONVERSION = YES;
				CLANG_WARN_OBJC_ROOT_CLASS = YES_ERROR;
				CLANG_WARN_RANGE_LOOP_ANALYSIS = YES;
				CLANG_WARN_STRICT_PROTOTYPES = YES;
				CLANG_WARN_SUSPICIOUS_MOVE = YES;
				CLANG_WARN_UNGUARDED_AVAILABILITY = YES_AGGRESSIVE;
				CLANG_WARN_UNREACHABLE_CODE = YES;
				CLANG_WARN__DUPLICATE_METHOD_MATCH = YES;
				CODE_SIGN_IDENTITY = "-";
				COPY_PHASE_STRIP = NO;
				DEBUG_INFORMATION_FORMAT = "dwarf-with-dsym";
				ENABLE_NS_ASSERTIONS = NO;
				ENABLE_STRICT_OBJC_MSGSEND = YES;
				GCC_C_LANGUAGE_STANDARD = gnu11;
				GCC_NO_COMMON_BLOCKS = YES;
				GCC_WARN_64_TO_32_BIT_CONVERSION = YES;
				GCC_WARN_ABOUT_RETURN_TYPE = YES_ERROR;
				GCC_WARN_UNDECLARED_SELECTOR = YES;
				GCC_WARN_UNINITIALIZED_AUTOS = YES_AGGRESSIVE;
				GCC_WARN_UNUSED_FUNCTION = YES;
				GCC_WARN_UNUSED_VARIABLE = YES;
				MACOSX_DEPLOYMENT_TARGET = 10.15;
				MTL_ENABLE_DEBUG_INFO = NO;
				MTL_FAST_MATH = YES;
				SDKROOT = macosx;
			};
			name = Release;
		};
		3971B34723BD099800BE83C7 /* Debug */ = {
			isa = XCBuildConfiguration;
			buildSettings = {
				CODE_SIGN_STYLE = Automatic;
				FRAMEWORK_SEARCH_PATHS = (
					"$(inherited)",
					"$(LOCAL_LIBRARY_DIR)/Frameworks",
				);
				PRODUCT_NAME = "$(TARGET_NAME)";
			};
			name = Debug;
		};
		3971B34823BD099800BE83C7 /* Release */ = {
			isa = XCBuildConfiguration;
			buildSettings = {
				CODE_SIGN_STYLE = Automatic;
				FRAMEWORK_SEARCH_PATHS = (
					"$(inherited)",
					"$(LOCAL_LIBRARY_DIR)/Frameworks",
				);
				PRODUCT_NAME = "$(TARGET_NAME)";
			};
			name = Release;
		};
/* End XCBuildConfiguration section */

/* Begin XCConfigurationList section */
		3971B33A23BD099800BE83C7 /* Build configuration list for PBXProject "Labyrinth-Game" */ = {
			isa = XCConfigurationList;
			buildConfigurations = (
				3971B34423BD099800BE83C7 /* Debug */,
				3971B34523BD099800BE83C7 /* Release */,
			);
			defaultConfigurationIsVisible = 0;
			defaultConfigurationName = Release;
		};
		3971B34623BD099800BE83C7 /* Build configuration list for PBXNativeTarget "Labyrinth-Game" */ = {
			isa = XCConfigurationList;
			buildConfigurations = (
				3971B34723BD099800BE83C7 /* Debug */,
				3971B34823BD099800BE83C7 /* Release */,
			);
			defaultConfigurationIsVisible = 0;
			defaultConfigurationName = Release;
		};
/* End XCConfigurationList section */
	};
	rootObject = 3971B33723BD099800BE83C7 /* Project object */;
}
